
Microsoft Visual Studio Solution File, Format Version 12.00
# Visual Studio 15
VisualStudioVersion = 15.0.28307.572
MinimumVisualStudioVersion = 10.0.40219.1
Project("{9A19103F-16F7-4668-BE54-9A1E7A4F7556}") = "AbstractFactory", "src\AbstractFactory\AbstractFactory.csproj", "{9ED22EB6-06CB-4943-9F02-BFA33771DB69}"
EndProject
Project("{9A19103F-16F7-4668-BE54-9A1E7A4F7556}") = "FactoryMethod", "src\FactoryMethod\FactoryMethod.csproj", "{279E4356-22F4-4F8A-83F5-658B8D84DBFA}"
EndProject
Project("{9A19103F-16F7-4668-BE54-9A1E7A4F7556}") = "Prototype", "src\Prototype\Prototype.csproj", "{6F32EC0C-FACD-494D-BC0D-6E5C85008F05}"
EndProject
Project("{9A19103F-16F7-4668-BE54-9A1E7A4F7556}") = "Singleton", "src\Singleton\Singleton.csproj", "{052EF664-9074-4D8E-87A8-D7DAB75A7B10}"
EndProject
Project("{9A19103F-16F7-4668-BE54-9A1E7A4F7556}") = "Builder", "src\Builder\Builder.csproj", "{DC7183EF-F3C2-4A59-A287-3EBBBFF81474}"
EndProject
Project("{9A19103F-16F7-4668-BE54-9A1E7A4F7556}") = "FluentBuilder", "src\FluentBuilder\FluentBuilder.csproj", "{63060831-52DF-4C5C-A689-53373ABF11E9}"
EndProject
Project("{9A19103F-16F7-4668-BE54-9A1E7A4F7556}") = "Adapter", "src\Adapter\Adapter.csproj", "{F8173F14-7CC3-4AAC-87D7-7A04E6B99F1C}"
EndProject
Project("{9A19103F-16F7-4668-BE54-9A1E7A4F7556}") = "Bridge", "src\Bridge\Bridge.csproj", "{FA70B5E0-D5F9-4DC9-B652-8BE0F72A172A}"
EndProject
Project("{9A19103F-16F7-4668-BE54-9A1E7A4F7556}") = "Composite", "src\Composite\Composite.csproj", "{C8458D3F-FA7F-41F0-9032-C1AD59E79D3A}"
EndProject
Project("{9A19103F-16F7-4668-BE54-9A1E7A4F7556}") = "Decorator", "src\Decorator\Decorator.csproj", "{237EB619-F01C-4EB3-A91E-CBF96328B532}"
EndProject
Project("{9A19103F-16F7-4668-BE54-9A1E7A4F7556}") = "Facade", "src\Facade\Facade.csproj", "{496E089F-531E-43A9-B345-979E116F088A}"
EndProject
Project("{9A19103F-16F7-4668-BE54-9A1E7A4F7556}") = "Flyweight", "src\Flyweight\Flyweight.csproj", "{B3A75B26-1099-447A-8761-F4E8E8086B4F}"
EndProject
Project("{9A19103F-16F7-4668-BE54-9A1E7A4F7556}") = "Proxy", "src\Proxy\Proxy.csproj", "{18E69702-5D7B-4055-93FD-AA28CC602551}"
EndProject
Project("{9A19103F-16F7-4668-BE54-9A1E7A4F7556}") = "ChainOfResponsibility", "src\ChainOfResponsibility\ChainOfResponsibility.csproj", "{7497DE16-5097-402A-BF11-FC96E3BA9C16}"
EndProject
Project("{9A19103F-16F7-4668-BE54-9A1E7A4F7556}") = "Command", "src\Command\Command.csproj", "{4102C154-0F33-474E-B6BF-D6CD81068986}"
EndProject
Project("{9A19103F-16F7-4668-BE54-9A1E7A4F7556}") = "Interpreter", "src\Interpreter\Interpreter.csproj", "{C177FE67-97B2-42F8-9FC2-32562BE9F694}"
EndProject
Project("{9A19103F-16F7-4668-BE54-9A1E7A4F7556}") = "Iterator", "src\Iterator\Iterator.csproj", "{BA8D8473-795F-4894-A53C-EC870F2853D8}"
EndProject
Project("{9A19103F-16F7-4668-BE54-9A1E7A4F7556}") = "Mediator", "src\Mediator\Mediator.csproj", "{9F6502FD-ED48-40C1-81E0-B814BF828B18}"
EndProject
Project("{9A19103F-16F7-4668-BE54-9A1E7A4F7556}") = "Memento", "src\Memento\Memento.csproj", "{6347CEDE-704C-4F6F-8397-2E47312503DD}"
EndProject
Project("{9A19103F-16F7-4668-BE54-9A1E7A4F7556}") = "Observer", "src\Observer\Observer.csproj", "{F92EAE59-6A95-4CAF-B808-2D431CF2B898}"
EndProject
Project("{9A19103F-16F7-4668-BE54-9A1E7A4F7556}") = "State", "src\State\State.csproj", "{AFB1DC1F-70B7-4864-A7B8-DDDEE36BE540}"
EndProject
Project("{9A19103F-16F7-4668-BE54-9A1E7A4F7556}") = "Strategy", "src\Strategy\Strategy.csproj", "{F42223CE-8968-4CF5-929E-D97D8A513C9C}"
EndProject
Project("{9A19103F-16F7-4668-BE54-9A1E7A4F7556}") = "TemplateMethod", "src\TemplateMethod\TemplateMethod.csproj", "{8DC94FDB-4017-477C-967F-1421CE0207E5}"
EndProject
Project("{9A19103F-16F7-4668-BE54-9A1E7A4F7556}") = "Visitor", "src\Visitor\Visitor.csproj", "{204ED234-D086-4E36-BE3B-13CA1E5A6DAC}"
EndProject
Project("{2150E333-8FDC-42A3-9474-1A3956D46DE8}") = "src", "src", "{0A42D970-42B7-413C-BB3A-BA442F8FA61F}"
EndProject
Global
	GlobalSection(SolutionConfigurationPlatforms) = preSolution
		Debug|Any CPU = Debug|Any CPU
		Release|Any CPU = Release|Any CPU
	EndGlobalSection
	GlobalSection(ProjectConfigurationPlatforms) = postSolution
		{9ED22EB6-06CB-4943-9F02-BFA33771DB69}.Debug|Any CPU.ActiveCfg = Debug|Any CPU
		{9ED22EB6-06CB-4943-9F02-BFA33771DB69}.Debug|Any CPU.Build.0 = Debug|Any CPU
		{9ED22EB6-06CB-4943-9F02-BFA33771DB69}.Release|Any CPU.ActiveCfg = Release|Any CPU
		{9ED22EB6-06CB-4943-9F02-BFA33771DB69}.Release|Any CPU.Build.0 = Release|Any CPU
		{279E4356-22F4-4F8A-83F5-658B8D84DBFA}.Debug|Any CPU.ActiveCfg = Debug|Any CPU
		{279E4356-22F4-4F8A-83F5-658B8D84DBFA}.Debug|Any CPU.Build.0 = Debug|Any CPU
		{279E4356-22F4-4F8A-83F5-658B8D84DBFA}.Release|Any CPU.ActiveCfg = Release|Any CPU
		{279E4356-22F4-4F8A-83F5-658B8D84DBFA}.Release|Any CPU.Build.0 = Release|Any CPU
		{6F32EC0C-FACD-494D-BC0D-6E5C85008F05}.Debug|Any CPU.ActiveCfg = Debug|Any CPU
		{6F32EC0C-FACD-494D-BC0D-6E5C85008F05}.Debug|Any CPU.Build.0 = Debug|Any CPU
		{6F32EC0C-FACD-494D-BC0D-6E5C85008F05}.Release|Any CPU.ActiveCfg = Release|Any CPU
		{6F32EC0C-FACD-494D-BC0D-6E5C85008F05}.Release|Any CPU.Build.0 = Release|Any CPU
		{052EF664-9074-4D8E-87A8-D7DAB75A7B10}.Debug|Any CPU.ActiveCfg = Debug|Any CPU
		{052EF664-9074-4D8E-87A8-D7DAB75A7B10}.Debug|Any CPU.Build.0 = Debug|Any CPU
		{052EF664-9074-4D8E-87A8-D7DAB75A7B10}.Release|Any CPU.ActiveCfg = Release|Any CPU
		{052EF664-9074-4D8E-87A8-D7DAB75A7B10}.Release|Any CPU.Build.0 = Release|Any CPU
		{DC7183EF-F3C2-4A59-A287-3EBBBFF81474}.Debug|Any CPU.ActiveCfg = Debug|Any CPU
		{DC7183EF-F3C2-4A59-A287-3EBBBFF81474}.Debug|Any CPU.Build.0 = Debug|Any CPU
		{DC7183EF-F3C2-4A59-A287-3EBBBFF81474}.Release|Any CPU.ActiveCfg = Release|Any CPU
		{DC7183EF-F3C2-4A59-A287-3EBBBFF81474}.Release|Any CPU.Build.0 = Release|Any CPU
		{63060831-52DF-4C5C-A689-53373ABF11E9}.Debug|Any CPU.ActiveCfg = Debug|Any CPU
		{63060831-52DF-4C5C-A689-53373ABF11E9}.Debug|Any CPU.Build.0 = Debug|Any CPU
		{63060831-52DF-4C5C-A689-53373ABF11E9}.Release|Any CPU.ActiveCfg = Release|Any CPU
		{63060831-52DF-4C5C-A689-53373ABF11E9}.Release|Any CPU.Build.0 = Release|Any CPU
		{F8173F14-7CC3-4AAC-87D7-7A04E6B99F1C}.Debug|Any CPU.ActiveCfg = Debug|Any CPU
		{F8173F14-7CC3-4AAC-87D7-7A04E6B99F1C}.Debug|Any CPU.Build.0 = Debug|Any CPU
		{F8173F14-7CC3-4AAC-87D7-7A04E6B99F1C}.Release|Any CPU.ActiveCfg = Release|Any CPU
		{F8173F14-7CC3-4AAC-87D7-7A04E6B99F1C}.Release|Any CPU.Build.0 = Release|Any CPU
		{FA70B5E0-D5F9-4DC9-B652-8BE0F72A172A}.Debug|Any CPU.ActiveCfg = Debug|Any CPU
		{FA70B5E0-D5F9-4DC9-B652-8BE0F72A172A}.Debug|Any CPU.Build.0 = Debug|Any CPU
		{FA70B5E0-D5F9-4DC9-B652-8BE0F72A172A}.Release|Any CPU.ActiveCfg = Release|Any CPU
		{FA70B5E0-D5F9-4DC9-B652-8BE0F72A172A}.Release|Any CPU.Build.0 = Release|Any CPU
		{C8458D3F-FA7F-41F0-9032-C1AD59E79D3A}.Debug|Any CPU.ActiveCfg = Debug|Any CPU
		{C8458D3F-FA7F-41F0-9032-C1AD59E79D3A}.Debug|Any CPU.Build.0 = Debug|Any CPU
		{C8458D3F-FA7F-41F0-9032-C1AD59E79D3A}.Release|Any CPU.ActiveCfg = Release|Any CPU
		{C8458D3F-FA7F-41F0-9032-C1AD59E79D3A}.Release|Any CPU.Build.0 = Release|Any CPU
		{237EB619-F01C-4EB3-A91E-CBF96328B532}.Debug|Any CPU.ActiveCfg = Debug|Any CPU
		{237EB619-F01C-4EB3-A91E-CBF96328B532}.Debug|Any CPU.Build.0 = Debug|Any CPU
		{237EB619-F01C-4EB3-A91E-CBF96328B532}.Release|Any CPU.ActiveCfg = Release|Any CPU
		{237EB619-F01C-4EB3-A91E-CBF96328B532}.Release|Any CPU.Build.0 = Release|Any CPU
		{496E089F-531E-43A9-B345-979E116F088A}.Debug|Any CPU.ActiveCfg = Debug|Any CPU
		{496E089F-531E-43A9-B345-979E116F088A}.Debug|Any CPU.Build.0 = Debug|Any CPU
		{496E089F-531E-43A9-B345-979E116F088A}.Release|Any CPU.ActiveCfg = Release|Any CPU
		{496E089F-531E-43A9-B345-979E116F088A}.Release|Any CPU.Build.0 = Release|Any CPU
		{B3A75B26-1099-447A-8761-F4E8E8086B4F}.Debug|Any CPU.ActiveCfg = Debug|Any CPU
		{B3A75B26-1099-447A-8761-F4E8E8086B4F}.Debug|Any CPU.Build.0 = Debug|Any CPU
		{B3A75B26-1099-447A-8761-F4E8E8086B4F}.Release|Any CPU.ActiveCfg = Release|Any CPU
		{B3A75B26-1099-447A-8761-F4E8E8086B4F}.Release|Any CPU.Build.0 = Release|Any CPU
		{18E69702-5D7B-4055-93FD-AA28CC602551}.Debug|Any CPU.ActiveCfg = Debug|Any CPU
		{18E69702-5D7B-4055-93FD-AA28CC602551}.Debug|Any CPU.Build.0 = Debug|Any CPU
		{18E69702-5D7B-4055-93FD-AA28CC602551}.Release|Any CPU.ActiveCfg = Release|Any CPU
		{18E69702-5D7B-4055-93FD-AA28CC602551}.Release|Any CPU.Build.0 = Release|Any CPU
		{7497DE16-5097-402A-BF11-FC96E3BA9C16}.Debug|Any CPU.ActiveCfg = Debug|Any CPU
		{7497DE16-5097-402A-BF11-FC96E3BA9C16}.Debug|Any CPU.Build.0 = Debug|Any CPU
		{7497DE16-5097-402A-BF11-FC96E3BA9C16}.Release|Any CPU.ActiveCfg = Release|Any CPU
		{7497DE16-5097-402A-BF11-FC96E3BA9C16}.Release|Any CPU.Build.0 = Release|Any CPU
		{4102C154-0F33-474E-B6BF-D6CD81068986}.Debug|Any CPU.ActiveCfg = Debug|Any CPU
		{4102C154-0F33-474E-B6BF-D6CD81068986}.Debug|Any CPU.Build.0 = Debug|Any CPU
		{4102C154-0F33-474E-B6BF-D6CD81068986}.Release|Any CPU.ActiveCfg = Release|Any CPU
		{4102C154-0F33-474E-B6BF-D6CD81068986}.Release|Any CPU.Build.0 = Release|Any CPU
		{C177FE67-97B2-42F8-9FC2-32562BE9F694}.Debug|Any CPU.ActiveCfg = Debug|Any CPU
		{C177FE67-97B2-42F8-9FC2-32562BE9F694}.Debug|Any CPU.Build.0 = Debug|Any CPU
		{C177FE67-97B2-42F8-9FC2-32562BE9F694}.Release|Any CPU.ActiveCfg = Release|Any CPU
		{C177FE67-97B2-42F8-9FC2-32562BE9F694}.Release|Any CPU.Build.0 = Release|Any CPU
		{BA8D8473-795F-4894-A53C-EC870F2853D8}.Debug|Any CPU.ActiveCfg = Debug|Any CPU
		{BA8D8473-795F-4894-A53C-EC870F2853D8}.Debug|Any CPU.Build.0 = Debug|Any CPU
		{BA8D8473-795F-4894-A53C-EC870F2853D8}.Release|Any CPU.ActiveCfg = Release|Any CPU
		{BA8D8473-795F-4894-A53C-EC870F2853D8}.Release|Any CPU.Build.0 = Release|Any CPU
		{9F6502FD-ED48-40C1-81E0-B814BF828B18}.Debug|Any CPU.ActiveCfg = Debug|Any CPU
		{9F6502FD-ED48-40C1-81E0-B814BF828B18}.Debug|Any CPU.Build.0 = Debug|Any CPU
		{9F6502FD-ED48-40C1-81E0-B814BF828B18}.Release|Any CPU.ActiveCfg = Release|Any CPU
		{9F6502FD-ED48-40C1-81E0-B814BF828B18}.Release|Any CPU.Build.0 = Release|Any CPU
		{6347CEDE-704C-4F6F-8397-2E47312503DD}.Debug|Any CPU.ActiveCfg = Debug|Any CPU
		{6347CEDE-704C-4F6F-8397-2E47312503DD}.Debug|Any CPU.Build.0 = Debug|Any CPU
		{6347CEDE-704C-4F6F-8397-2E47312503DD}.Release|Any CPU.ActiveCfg = Release|Any CPU
		{6347CEDE-704C-4F6F-8397-2E47312503DD}.Release|Any CPU.Build.0 = Release|Any CPU
		{F92EAE59-6A95-4CAF-B808-2D431CF2B898}.Debug|Any CPU.ActiveCfg = Debug|Any CPU
		{F92EAE59-6A95-4CAF-B808-2D431CF2B898}.Debug|Any CPU.Build.0 = Debug|Any CPU
		{F92EAE59-6A95-4CAF-B808-2D431CF2B898}.Release|Any CPU.ActiveCfg = Release|Any CPU
		{F92EAE59-6A95-4CAF-B808-2D431CF2B898}.Release|Any CPU.Build.0 = Release|Any CPU
		{AFB1DC1F-70B7-4864-A7B8-DDDEE36BE540}.Debug|Any CPU.ActiveCfg = Debug|Any CPU
		{AFB1DC1F-70B7-4864-A7B8-DDDEE36BE540}.Debug|Any CPU.Build.0 = Debug|Any CPU
		{AFB1DC1F-70B7-4864-A7B8-DDDEE36BE540}.Release|Any CPU.ActiveCfg = Release|Any CPU
		{AFB1DC1F-70B7-4864-A7B8-DDDEE36BE540}.Release|Any CPU.Build.0 = Release|Any CPU
		{F42223CE-8968-4CF5-929E-D97D8A513C9C}.Debug|Any CPU.ActiveCfg = Debug|Any CPU
		{F42223CE-8968-4CF5-929E-D97D8A513C9C}.Debug|Any CPU.Build.0 = Debug|Any CPU
		{F42223CE-8968-4CF5-929E-D97D8A513C9C}.Release|Any CPU.ActiveCfg = Release|Any CPU
		{F42223CE-8968-4CF5-929E-D97D8A513C9C}.Release|Any CPU.Build.0 = Release|Any CPU
		{8DC94FDB-4017-477C-967F-1421CE0207E5}.Debug|Any CPU.ActiveCfg = Debug|Any CPU
		{8DC94FDB-4017-477C-967F-1421CE0207E5}.Debug|Any CPU.Build.0 = Debug|Any CPU
		{8DC94FDB-4017-477C-967F-1421CE0207E5}.Release|Any CPU.ActiveCfg = Release|Any CPU
		{8DC94FDB-4017-477C-967F-1421CE0207E5}.Release|Any CPU.Build.0 = Release|Any CPU
		{204ED234-D086-4E36-BE3B-13CA1E5A6DAC}.Debug|Any CPU.ActiveCfg = Debug|Any CPU
		{204ED234-D086-4E36-BE3B-13CA1E5A6DAC}.Debug|Any CPU.Build.0 = Debug|Any CPU
		{204ED234-D086-4E36-BE3B-13CA1E5A6DAC}.Release|Any CPU.ActiveCfg = Release|Any CPU
		{204ED234-D086-4E36-BE3B-13CA1E5A6DAC}.Release|Any CPU.Build.0 = Release|Any CPU
	EndGlobalSection
	GlobalSection(SolutionProperties) = preSolution
		HideSolutionNode = FALSE
	EndGlobalSection
	GlobalSection(NestedProjects) = preSolution
		{9ED22EB6-06CB-4943-9F02-BFA33771DB69} = {0A42D970-42B7-413C-BB3A-BA442F8FA61F}
		{279E4356-22F4-4F8A-83F5-658B8D84DBFA} = {0A42D970-42B7-413C-BB3A-BA442F8FA61F}
		{6F32EC0C-FACD-494D-BC0D-6E5C85008F05} = {0A42D970-42B7-413C-BB3A-BA442F8FA61F}
		{052EF664-9074-4D8E-87A8-D7DAB75A7B10} = {0A42D970-42B7-413C-BB3A-BA442F8FA61F}
		{DC7183EF-F3C2-4A59-A287-3EBBBFF81474} = {0A42D970-42B7-413C-BB3A-BA442F8FA61F}
		{63060831-52DF-4C5C-A689-53373ABF11E9} = {0A42D970-42B7-413C-BB3A-BA442F8FA61F}
		{F8173F14-7CC3-4AAC-87D7-7A04E6B99F1C} = {0A42D970-42B7-413C-BB3A-BA442F8FA61F}
		{FA70B5E0-D5F9-4DC9-B652-8BE0F72A172A} = {0A42D970-42B7-413C-BB3A-BA442F8FA61F}
		{C8458D3F-FA7F-41F0-9032-C1AD59E79D3A} = {0A42D970-42B7-413C-BB3A-BA442F8FA61F}
		{237EB619-F01C-4EB3-A91E-CBF96328B532} = {0A42D970-42B7-413C-BB3A-BA442F8FA61F}
		{496E089F-531E-43A9-B345-979E116F088A} = {0A42D970-42B7-413C-BB3A-BA442F8FA61F}
		{B3A75B26-1099-447A-8761-F4E8E8086B4F} = {0A42D970-42B7-413C-BB3A-BA442F8FA61F}
		{18E69702-5D7B-4055-93FD-AA28CC602551} = {0A42D970-42B7-413C-BB3A-BA442F8FA61F}
		{7497DE16-5097-402A-BF11-FC96E3BA9C16} = {0A42D970-42B7-413C-BB3A-BA442F8FA61F}
		{4102C154-0F33-474E-B6BF-D6CD81068986} = {0A42D970-42B7-413C-BB3A-BA442F8FA61F}
		{C177FE67-97B2-42F8-9FC2-32562BE9F694} = {0A42D970-42B7-413C-BB3A-BA442F8FA61F}
		{BA8D8473-795F-4894-A53C-EC870F2853D8} = {0A42D970-42B7-413C-BB3A-BA442F8FA61F}
		{9F6502FD-ED48-40C1-81E0-B814BF828B18} = {0A42D970-42B7-413C-BB3A-BA442F8FA61F}
		{6347CEDE-704C-4F6F-8397-2E47312503DD} = {0A42D970-42B7-413C-BB3A-BA442F8FA61F}
		{F92EAE59-6A95-4CAF-B808-2D431CF2B898} = {0A42D970-42B7-413C-BB3A-BA442F8FA61F}
		{AFB1DC1F-70B7-4864-A7B8-DDDEE36BE540} = {0A42D970-42B7-413C-BB3A-BA442F8FA61F}
		{F42223CE-8968-4CF5-929E-D97D8A513C9C} = {0A42D970-42B7-413C-BB3A-BA442F8FA61F}
		{8DC94FDB-4017-477C-967F-1421CE0207E5} = {0A42D970-42B7-413C-BB3A-BA442F8FA61F}
		{204ED234-D086-4E36-BE3B-13CA1E5A6DAC} = {0A42D970-42B7-413C-BB3A-BA442F8FA61F}
	EndGlobalSection
	GlobalSection(ExtensibilityGlobals) = postSolution
		SolutionGuid = {86D6CC86-3728-4C4A-BB0C-F3CE1BFFD724}
	EndGlobalSection
EndGlobal
